// !$*UTF8*$!
{
	archiveVersion = 1;
	classes = {
	};
	objectVersion = 50;
	objects = {

/* Begin PBXBuildFile section */
		29888C0D24084AAB00CCC99D /* AppDelegate.swift in Sources */ = {isa = PBXBuildFile; fileRef = 29888C0C24084AAB00CCC99D /* AppDelegate.swift */; };
		29888C0F24084AAB00CCC99D /* SceneDelegate.swift in Sources */ = {isa = PBXBuildFile; fileRef = 29888C0E24084AAB00CCC99D /* SceneDelegate.swift */; };
		29888C1624084AAC00CCC99D /* Assets.xcassets in Resources */ = {isa = PBXBuildFile; fileRef = 29888C1524084AAC00CCC99D /* Assets.xcassets */; };
		29888C1924084AAC00CCC99D /* LaunchScreen.storyboard in Resources */ = {isa = PBXBuildFile; fileRef = 29888C1724084AAC00CCC99D /* LaunchScreen.storyboard */; };
		29888C2224084D0A00CCC99D /* HabitsTableViewController.swift in Sources */ = {isa = PBXBuildFile; fileRef = 29888C2024084D0A00CCC99D /* HabitsTableViewController.swift */; };
		29888C2324084D0A00CCC99D /* HabitsTableViewController.xib in Resources */ = {isa = PBXBuildFile; fileRef = 29888C2124084D0A00CCC99D /* HabitsTableViewController.xib */; };
		29888C26240BA2AD00CCC99D /* UIViewControllerExtensions.swift in Sources */ = {isa = PBXBuildFile; fileRef = 29888C25240BA2AD00CCC99D /* UIViewControllerExtensions.swift */; };
		29888C28240C41C600CCC99D /* Habit.swift in Sources */ = {isa = PBXBuildFile; fileRef = 29888C27240C41C500CCC99D /* Habit.swift */; };
		29888C2A240C451000CCC99D /* DateExtensions.swift in Sources */ = {isa = PBXBuildFile; fileRef = 29888C29240C451000CCC99D /* DateExtensions.swift */; };
		29888C2D240C4F6500CCC99D /* HabitTableViewCell.swift in Sources */ = {isa = PBXBuildFile; fileRef = 29888C2B240C4F6400CCC99D /* HabitTableViewCell.swift */; };
		29888C2E240C4F6500CCC99D /* HabitTableViewCell.xib in Resources */ = {isa = PBXBuildFile; fileRef = 29888C2C240C4F6500CCC99D /* HabitTableViewCell.xib */; };
		29888C30240C664800CCC99D /* PersistenceLayer.swift in Sources */ = {isa = PBXBuildFile; fileRef = 29888C2F240C664800CCC99D /* PersistenceLayer.swift */; };
		29888C33240C6FD900CCC99D /* AddHabitViewController.swift in Sources */ = {isa = PBXBuildFile; fileRef = 29888C31240C6FD900CCC99D /* AddHabitViewController.swift */; };
		29888C34240C6FD900CCC99D /* AddHabitViewController.xib in Resources */ = {isa = PBXBuildFile; fileRef = 29888C32240C6FD900CCC99D /* AddHabitViewController.xib */; };
		29888C37240C73F300CCC99D /* HabitImageCollectionViewCell.swift in Sources */ = {isa = PBXBuildFile; fileRef = 29888C35240C73F300CCC99D /* HabitImageCollectionViewCell.swift */; };
		29888C38240C73F300CCC99D /* HabitImageCollectionViewCell.xib in Resources */ = {isa = PBXBuildFile; fileRef = 29888C36240C73F300CCC99D /* HabitImageCollectionViewCell.xib */; };
		29888C3B240CB46300CCC99D /* ConfirmHabitViewController.swift in Sources */ = {isa = PBXBuildFile; fileRef = 29888C39240CB46300CCC99D /* ConfirmHabitViewController.swift */; };
		29888C3C240CB46300CCC99D /* ConfirmHabitViewController.xib in Resources */ = {isa = PBXBuildFile; fileRef = 29888C3A240CB46300CCC99D /* ConfirmHabitViewController.xib */; };
/* End PBXBuildFile section */

/* Begin PBXFileReference section */
		29888C0924084AAB00CCC99D /* Habitual.app */ = {isa = PBXFileReference; explicitFileType = wrapper.application; includeInIndex = 0; path = Habitual.app; sourceTree = BUILT_PRODUCTS_DIR; };
		29888C0C24084AAB00CCC99D /* AppDelegate.swift */ = {isa = PBXFileReference; lastKnownFileType = sourcecode.swift; path = AppDelegate.swift; sourceTree = "<group>"; };
		29888C0E24084AAB00CCC99D /* SceneDelegate.swift */ = {isa = PBXFileReference; lastKnownFileType = sourcecode.swift; path = SceneDelegate.swift; sourceTree = "<group>"; };
		29888C1524084AAC00CCC99D /* Assets.xcassets */ = {isa = PBXFileReference; lastKnownFileType = folder.assetcatalog; path = Assets.xcassets; sourceTree = "<group>"; };
		29888C1824084AAC00CCC99D /* Base */ = {isa = PBXFileReference; lastKnownFileType = file.storyboard; name = Base; path = Base.lproj/LaunchScreen.storyboard; sourceTree = "<group>"; };
		29888C1A24084AAC00CCC99D /* Info.plist */ = {isa = PBXFileReference; lastKnownFileType = text.plist.xml; path = Info.plist; sourceTree = "<group>"; };
		29888C2024084D0A00CCC99D /* HabitsTableViewController.swift */ = {isa = PBXFileReference; lastKnownFileType = sourcecode.swift; path = HabitsTableViewController.swift; sourceTree = "<group>"; };
		29888C2124084D0A00CCC99D /* HabitsTableViewController.xib */ = {isa = PBXFileReference; lastKnownFileType = file.xib; path = HabitsTableViewController.xib; sourceTree = "<group>"; };
		29888C25240BA2AD00CCC99D /* UIViewControllerExtensions.swift */ = {isa = PBXFileReference; lastKnownFileType = sourcecode.swift; path = UIViewControllerExtensions.swift; sourceTree = "<group>"; };
		29888C27240C41C500CCC99D /* Habit.swift */ = {isa = PBXFileReference; lastKnownFileType = sourcecode.swift; path = Habit.swift; sourceTree = "<group>"; };
		29888C29240C451000CCC99D /* DateExtensions.swift */ = {isa = PBXFileReference; lastKnownFileType = sourcecode.swift; path = DateExtensions.swift; sourceTree = "<group>"; };
		29888C2B240C4F6400CCC99D /* HabitTableViewCell.swift */ = {isa = PBXFileReference; lastKnownFileType = sourcecode.swift; path = HabitTableViewCell.swift; sourceTree = "<group>"; };
		29888C2C240C4F6500CCC99D /* HabitTableViewCell.xib */ = {isa = PBXFileReference; lastKnownFileType = file.xib; path = HabitTableViewCell.xib; sourceTree = "<group>"; };
		29888C2F240C664800CCC99D /* PersistenceLayer.swift */ = {isa = PBXFileReference; lastKnownFileType = sourcecode.swift; path = PersistenceLayer.swift; sourceTree = "<group>"; };
		29888C31240C6FD900CCC99D /* AddHabitViewController.swift */ = {isa = PBXFileReference; lastKnownFileType = sourcecode.swift; path = AddHabitViewController.swift; sourceTree = "<group>"; };
		29888C32240C6FD900CCC99D /* AddHabitViewController.xib */ = {isa = PBXFileReference; lastKnownFileType = file.xib; path = AddHabitViewController.xib; sourceTree = "<group>"; };
		29888C35240C73F300CCC99D /* HabitImageCollectionViewCell.swift */ = {isa = PBXFileReference; lastKnownFileType = sourcecode.swift; path = HabitImageCollectionViewCell.swift; sourceTree = "<group>"; };
		29888C36240C73F300CCC99D /* HabitImageCollectionViewCell.xib */ = {isa = PBXFileReference; lastKnownFileType = file.xib; path = HabitImageCollectionViewCell.xib; sourceTree = "<group>"; };
		29888C39240CB46300CCC99D /* ConfirmHabitViewController.swift */ = {isa = PBXFileReference; lastKnownFileType = sourcecode.swift; path = ConfirmHabitViewController.swift; sourceTree = "<group>"; };
		29888C3A240CB46300CCC99D /* ConfirmHabitViewController.xib */ = {isa = PBXFileReference; lastKnownFileType = file.xib; path = ConfirmHabitViewController.xib; sourceTree = "<group>"; };
/* End PBXFileReference section */

/* Begin PBXFrameworksBuildPhase section */
		29888C0624084AAB00CCC99D /* Frameworks */ = {
			isa = PBXFrameworksBuildPhase;
			buildActionMask = 2147483647;
			files = (
			);
			runOnlyForDeploymentPostprocessing = 0;
		};
/* End PBXFrameworksBuildPhase section */

/* Begin PBXGroup section */
		29888C0024084AAA00CCC99D = {
			isa = PBXGroup;
			children = (
				29888C0B24084AAB00CCC99D /* Habitual */,
				29888C0A24084AAB00CCC99D /* Products */,
			);
			sourceTree = "<group>";
		};
		29888C0A24084AAB00CCC99D /* Products */ = {
			isa = PBXGroup;
			children = (
				29888C0924084AAB00CCC99D /* Habitual.app */,
			);
			name = Products;
			sourceTree = "<group>";
		};
		29888C0B24084AAB00CCC99D /* Habitual */ = {
			isa = PBXGroup;
			children = (
				29888C25240BA2AD00CCC99D /* UIViewControllerExtensions.swift */,
				29888C0C24084AAB00CCC99D /* AppDelegate.swift */,
				29888C0E24084AAB00CCC99D /* SceneDelegate.swift */,
				29888C27240C41C500CCC99D /* Habit.swift */,
				29888C2F240C664800CCC99D /* PersistenceLayer.swift */,
				29888C2B240C4F6400CCC99D /* HabitTableViewCell.swift */,
				29888C2C240C4F6500CCC99D /* HabitTableViewCell.xib */,
				29888C2424084D2400CCC99D /* Views */,
				29888C1524084AAC00CCC99D /* Assets.xcassets */,
				29888C1724084AAC00CCC99D /* LaunchScreen.storyboard */,
				29888C1A24084AAC00CCC99D /* Info.plist */,
				29888C29240C451000CCC99D /* DateExtensions.swift */,
			);
			path = Habitual;
			sourceTree = "<group>";
		};
		29888C2424084D2400CCC99D /* Views */ = {
			isa = PBXGroup;
			children = (
				29888C2024084D0A00CCC99D /* HabitsTableViewController.swift */,
				29888C31240C6FD900CCC99D /* AddHabitViewController.swift */,
				29888C39240CB46300CCC99D /* ConfirmHabitViewController.swift */,
				29888C3A240CB46300CCC99D /* ConfirmHabitViewController.xib */,
				29888C32240C6FD900CCC99D /* AddHabitViewController.xib */,
				29888C35240C73F300CCC99D /* HabitImageCollectionViewCell.swift */,
				29888C36240C73F300CCC99D /* HabitImageCollectionViewCell.xib */,
				29888C2124084D0A00CCC99D /* HabitsTableViewController.xib */,
			);
			path = Views;
			sourceTree = "<group>";
		};
/* End PBXGroup section */

/* Begin PBXNativeTarget section */
		29888C0824084AAB00CCC99D /* Habitual */ = {
			isa = PBXNativeTarget;
			buildConfigurationList = 29888C1D24084AAC00CCC99D /* Build configuration list for PBXNativeTarget "Habitual" */;
			buildPhases = (
				29888C0524084AAB00CCC99D /* Sources */,
				29888C0624084AAB00CCC99D /* Frameworks */,
				29888C0724084AAB00CCC99D /* Resources */,
			);
			buildRules = (
			);
			dependencies = (
			);
			name = Habitual;
			productName = Habitual;
			productReference = 29888C0924084AAB00CCC99D /* Habitual.app */;
			productType = "com.apple.product-type.application";
		};
/* End PBXNativeTarget section */

/* Begin PBXProject section */
		29888C0124084AAB00CCC99D /* Project object */ = {
			isa = PBXProject;
			attributes = {
				LastSwiftUpdateCheck = 1130;
				LastUpgradeCheck = 1130;
				ORGANIZATIONNAME = "Angelina Olmedo";
				TargetAttributes = {
					29888C0824084AAB00CCC99D = {
						CreatedOnToolsVersion = 11.3.1;
					};
				};
			};
			buildConfigurationList = 29888C0424084AAB00CCC99D /* Build configuration list for PBXProject "Habitual" */;
			compatibilityVersion = "Xcode 9.3";
			developmentRegion = en;
			hasScannedForEncodings = 0;
			knownRegions = (
				en,
				Base,
			);
			mainGroup = 29888C0024084AAA00CCC99D;
			productRefGroup = 29888C0A24084AAB00CCC99D /* Products */;
			projectDirPath = "";
			projectRoot = "";
			targets = (
				29888C0824084AAB00CCC99D /* Habitual */,
			);
		};
/* End PBXProject section */

/* Begin PBXResourcesBuildPhase section */
		29888C0724084AAB00CCC99D /* Resources */ = {
			isa = PBXResourcesBuildPhase;
			buildActionMask = 2147483647;
			files = (
				29888C1924084AAC00CCC99D /* LaunchScreen.storyboard in Resources */,
				29888C34240C6FD900CCC99D /* AddHabitViewController.xib in Resources */,
				29888C3C240CB46300CCC99D /* ConfirmHabitViewController.xib in Resources */,
				29888C2324084D0A00CCC99D /* HabitsTableViewController.xib in Resources */,
				29888C2E240C4F6500CCC99D /* HabitTableViewCell.xib in Resources */,
				29888C38240C73F300CCC99D /* HabitImageCollectionViewCell.xib in Resources */,
				29888C1624084AAC00CCC99D /* Assets.xcassets in Resources */,
			);
			runOnlyForDeploymentPostprocessing = 0;
		};
/* End PBXResourcesBuildPhase section */

/* Begin PBXSourcesBuildPhase section */
		29888C0524084AAB00CCC99D /* Sources */ = {
			isa = PBXSourcesBuildPhase;
			buildActionMask = 2147483647;
			files = (
				29888C26240BA2AD00CCC99D /* UIViewControllerExtensions.swift in Sources */,
				29888C28240C41C600CCC99D /* Habit.swift in Sources */,
				29888C0D24084AAB00CCC99D /* AppDelegate.swift in Sources */,
				29888C30240C664800CCC99D /* PersistenceLayer.swift in Sources */,
				29888C0F24084AAB00CCC99D /* SceneDelegate.swift in Sources */,
				29888C2224084D0A00CCC99D /* HabitsTableViewController.swift in Sources */,
				29888C2D240C4F6500CCC99D /* HabitTableViewCell.swift in Sources */,
				29888C37240C73F300CCC99D /* HabitImageCollectionViewCell.swift in Sources */,
				29888C33240C6FD900CCC99D /* AddHabitViewController.swift in Sources */,
				29888C3B240CB46300CCC99D /* ConfirmHabitViewController.swift in Sources */,
				29888C2A240C451000CCC99D /* DateExtensions.swift in Sources */,
			);
			runOnlyForDeploymentPostprocessing = 0;
		};
/* End PBXSourcesBuildPhase section */

/* Begin PBXVariantGroup section */
		29888C1724084AAC00CCC99D /* LaunchScreen.storyboard */ = {
			isa = PBXVariantGroup;
			children = (
				29888C1824084AAC00CCC99D /* Base */,
			);
			name = LaunchScreen.storyboard;
			sourceTree = "<group>";
		};
/* End PBXVariantGroup section */

/* Begin XCBuildConfiguration section */
		29888C1B24084AAC00CCC99D /* Debug */ = {
			isa = XCBuildConfiguration;
			buildSettings = {
				ALWAYS_SEARCH_USER_PATHS = NO;
				CLANG_ANALYZER_NONNULL = YES;
				CLANG_ANALYZER_NUMBER_OBJECT_CONVERSION = YES_AGGRESSIVE;
				CLANG_CXX_LANGUAGE_STANDARD = "gnu++14";
				CLANG_CXX_LIBRARY = "libc++";
				CLANG_ENABLE_MODULES = YES;
				CLANG_ENABLE_OBJC_ARC = YES;
				CLANG_ENABLE_OBJC_WEAK = YES;
				CLANG_WARN_BLOCK_CAPTURE_AUTORELEASING = YES;
				CLANG_WARN_BOOL_CONVERSION = YES;
				CLANG_WARN_COMMA = YES;
				CLANG_WARN_CONSTANT_CONVERSION = YES;
				CLANG_WARN_DEPRECATED_OBJC_IMPLEMENTATIONS = YES;
				CLANG_WARN_DIRECT_OBJC_ISA_USAGE = YES_ERROR;
				CLANG_WARN_DOCUMENTATION_COMMENTS = YES;
				CLANG_WARN_EMPTY_BODY = YES;
				CLANG_WARN_ENUM_CONVERSION = YES;
				CLANG_WARN_INFINITE_RECURSION = YES;
				CLANG_WARN_INT_CONVERSION = YES;
				CLANG_WARN_NON_LITERAL_NULL_CONVERSION = YES;
				CLANG_WARN_OBJC_IMPLICIT_RETAIN_SELF = YES;
				CLANG_WARN_OBJC_LITERAL_CONVERSION = YES;
				CLANG_WARN_OBJC_ROOT_CLASS = YES_ERROR;
				CLANG_WARN_RANGE_LOOP_ANALYSIS = YES;
				CLANG_WARN_STRICT_PROTOTYPES = YES;
				CLANG_WARN_SUSPICIOUS_MOVE = YES;
				CLANG_WARN_UNGUARDED_AVAILABILITY = YES_AGGRESSIVE;
				CLANG_WARN_UNREACHABLE_CODE = YES;
				CLANG_WARN__DUPLICATE_METHOD_MATCH = YES;
				COPY_PHASE_STRIP = NO;
				DEBUG_INFORMATION_FORMAT = dwarf;
				ENABLE_STRICT_OBJC_MSGSEND = YES;
				ENABLE_TESTABILITY = YES;
				GCC_C_LANGUAGE_STANDARD = gnu11;
				GCC_DYNAMIC_NO_PIC = NO;
				GCC_NO_COMMON_BLOCKS = YES;
				GCC_OPTIMIZATION_LEVEL = 0;
				GCC_PREPROCESSOR_DEFINITIONS = (
					"DEBUG=1",
					"$(inherited)",
				);
				GCC_WARN_64_TO_32_BIT_CONVERSION = YES;
				GCC_WARN_ABOUT_RETURN_TYPE = YES_ERROR;
				GCC_WARN_UNDECLARED_SELECTOR = YES;
				GCC_WARN_UNINITIALIZED_AUTOS = YES_AGGRESSIVE;
				GCC_WARN_UNUSED_FUNCTION = YES;
				GCC_WARN_UNUSED_VARIABLE = YES;
				IPHONEOS_DEPLOYMENT_TARGET = 13.2;
				MTL_ENABLE_DEBUG_INFO = INCLUDE_SOURCE;
				MTL_FAST_MATH = YES;
				ONLY_ACTIVE_ARCH = YES;
				SDKROOT = iphoneos;
				SWIFT_ACTIVE_COMPILATION_CONDITIONS = DEBUG;
				SWIFT_OPTIMIZATION_LEVEL = "-Onone";
			};
			name = Debug;
		};
		29888C1C24084AAC00CCC99D /* Release */ = {
			isa = XCBuildConfiguration;
			buildSettings = {
				ALWAYS_SEARCH_USER_PATHS = NO;
				CLANG_ANALYZER_NONNULL = YES;
				CLANG_ANALYZER_NUMBER_OBJECT_CONVERSION = YES_AGGRESSIVE;
				CLANG_CXX_LANGUAGE_STANDARD = "gnu++14";
				CLANG_CXX_LIBRARY = "libc++";
				CLANG_ENABLE_MODULES = YES;
				CLANG_ENABLE_OBJC_ARC = YES;
				CLANG_ENABLE_OBJC_WEAK = YES;
				CLANG_WARN_BLOCK_CAPTURE_AUTORELEASING = YES;
				CLANG_WARN_BOOL_CONVERSION = YES;
				CLANG_WARN_COMMA = YES;
				CLANG_WARN_CONSTANT_CONVERSION = YES;
				CLANG_WARN_DEPRECATED_OBJC_IMPLEMENTATIONS = YES;
				CLANG_WARN_DIRECT_OBJC_ISA_USAGE = YES_ERROR;
				CLANG_WARN_DOCUMENTATION_COMMENTS = YES;
				CLANG_WARN_EMPTY_BODY = YES;
				CLANG_WARN_ENUM_CONVERSION = YES;
				CLANG_WARN_INFINITE_RECURSION = YES;
				CLANG_WARN_INT_CONVERSION = YES;
				CLANG_WARN_NON_LITERAL_NULL_CONVERSION = YES;
				CLANG_WARN_OBJC_IMPLICIT_RETAIN_SELF = YES;
				CLANG_WARN_OBJC_LITERAL_CONVERSION = YES;
				CLANG_WARN_OBJC_ROOT_CLASS = YES_ERROR;
				CLANG_WARN_RANGE_LOOP_ANALYSIS = YES;
				CLANG_WARN_STRICT_PROTOTYPES = YES;
				CLANG_WARN_SUSPICIOUS_MOVE = YES;
				CLANG_WARN_UNGUARDED_AVAILABILITY = YES_AGGRESSIVE;
				CLANG_WARN_UNREACHABLE_CODE = YES;
				CLANG_WARN__DUPLICATE_METHOD_MATCH = YES;
				COPY_PHASE_STRIP = NO;
				DEBUG_INFORMATION_FORMAT = "dwarf-with-dsym";
				ENABLE_NS_ASSERTIONS = NO;
				ENABLE_STRICT_OBJC_MSGSEND = YES;
				GCC_C_LANGUAGE_STANDARD = gnu11;
				GCC_NO_COMMON_BLOCKS = YES;
				GCC_WARN_64_TO_32_BIT_CONVERSION = YES;
				GCC_WARN_ABOUT_RETURN_TYPE = YES_ERROR;
				GCC_WARN_UNDECLARED_SELECTOR = YES;
				GCC_WARN_UNINITIALIZED_AUTOS = YES_AGGRESSIVE;
				GCC_WARN_UNUSED_FUNCTION = YES;
				GCC_WARN_UNUSED_VARIABLE = YES;
				IPHONEOS_DEPLOYMENT_TARGET = 13.2;
				MTL_ENABLE_DEBUG_INFO = NO;
				MTL_FAST_MATH = YES;
				SDKROOT = iphoneos;
				SWIFT_COMPILATION_MODE = wholemodule;
				SWIFT_OPTIMIZATION_LEVEL = "-O";
				VALIDATE_PRODUCT = YES;
			};
			name = Release;
		};
		29888C1E24084AAC00CCC99D /* Debug */ = {
			isa = XCBuildConfiguration;
			buildSettings = {
				ASSETCATALOG_COMPILER_APPICON_NAME = AppIcon;
				CODE_SIGN_STYLE = Automatic;
				DEVELOPMENT_TEAM = U774TM88M6;
				INFOPLIST_FILE = Habitual/Info.plist;
				LD_RUNPATH_SEARCH_PATHS = (
					"$(inherited)",
					"@executable_path/Frameworks",
				);
				PRODUCT_BUNDLE_IDENTIFIER = com.makeschool.Habitual;
				PRODUCT_NAME = "$(TARGET_NAME)";
				SWIFT_VERSION = 5.0;
				TARGETED_DEVICE_FAMILY = "1,2";
			};
			name = Debug;
		};
		29888C1F24084AAC00CCC99D /* Release */ = {
			isa = XCBuildConfiguration;
			buildSettings = {
				ASSETCATALOG_COMPILER_APPICON_NAME = AppIcon;
				CODE_SIGN_STYLE = Automatic;
				DEVELOPMENT_TEAM = U774TM88M6;
				INFOPLIST_FILE = Habitual/Info.plist;
				LD_RUNPATH_SEARCH_PATHS = (
					"$(inherited)",
					"@executable_path/Frameworks",
				);
				PRODUCT_BUNDLE_IDENTIFIER = com.makeschool.Habitual;
				PRODUCT_NAME = "$(TARGET_NAME)";
				SWIFT_VERSION = 5.0;
				TARGETED_DEVICE_FAMILY = "1,2";
			};
			name = Release;
		};
/* End XCBuildConfiguration section */

/* Begin XCConfigurationList section */
		29888C0424084AAB00CCC99D /* Build configuration list for PBXProject "Habitual" */ = {
			isa = XCConfigurationList;
			buildConfigurations = (
				29888C1B24084AAC00CCC99D /* Debug */,
				29888C1C24084AAC00CCC99D /* Release */,
			);
			defaultConfigurationIsVisible = 0;
			defaultConfigurationName = Release;
		};
		29888C1D24084AAC00CCC99D /* Build configuration list for PBXNativeTarget "Habitual" */ = {
			isa = XCConfigurationList;
			buildConfigurations = (
				29888C1E24084AAC00CCC99D /* Debug */,
				29888C1F24084AAC00CCC99D /* Release */,
			);
			defaultConfigurationIsVisible = 0;
			defaultConfigurationName = Release;
		};
/* End XCConfigurationList section */
	};
	rootObject = 29888C0124084AAB00CCC99D /* Project object */;
}
